
Microsoft Visual Studio Solution File, Format Version 12.00
# Visual Studio Version 16
VisualStudioVersion = 16.0.29911.84
MinimumVisualStudioVersion = 10.0.40219.1
Project("{FAE04EC0-301F-11D3-BF4B-00C04F79EFBC}") = "Chapter 5 Lab", "Chapter 5 Lab.csproj", "{FE3DCFAC-F637-49A3-B6EB-51429FBD7F7E}"
EndProject
Global
	GlobalSection(SolutionConfigurationPlatforms) = preSolution
		Debug|Any CPU = Debug|Any CPU
		Release|Any CPU = Release|Any CPU
	EndGlobalSection
	GlobalSection(ProjectConfigurationPlatforms) = postSolution
		{FE3DCFAC-F637-49A3-B6EB-51429FBD7F7E}.Debug|Any CPU.ActiveCfg = Debug|Any CPU
		{FE3DCFAC-F637-49A3-B6EB-51429FBD7F7E}.Debug|Any CPU.Build.0 = Debug|Any CPU
		{FE3DCFAC-F637-49A3-B6EB-51429FBD7F7E}.Release|Any CPU.ActiveCfg = Release|Any CPU
		{FE3DCFAC-F637-49A3-B6EB-51429FBD7F7E}.Release|Any CPU.Build.0 = Release|Any CPU
	EndGlobalSection
	GlobalSection(SolutionProperties) = preSolution
		HideSolutionNode = FALSE
	EndGlobalSection
	GlobalSection(ExtensibilityGlobals) = postSolution
		SolutionGuid = {325D31DB-87DB-4939-BE62-E20100E79CD7}
	EndGlobalSection
EndGlobal
